PODS:
  - AIAlertView (1.0.8)
  - Alamofire (3.1.4)
  - AsyncDisplayKit (1.9.4):
    - AsyncDisplayKit/ASDealloc2MainObject (= 1.9.4)
  - AsyncDisplayKit/ASDealloc2MainObject (1.9.4)
  - Cartography (0.6.0)
  - SnapKit (0.18.0)
  - Spring (1.0.3)
  - SwiftyJSON (2.3.2)

DEPENDENCIES:
  - AIAlertView (from `https://github.com/asiainfomobile/AIAlertView.git`)
  - Alamofire (~> 3.1.4)
  - AsyncDisplayKit (~> 1.9.4)
  - Cartography (~> 0.6.0)
  - SnapKit (~> 0.18.0)
  - Spring (from `https://github.com/MengTo/Spring.git`, branch `swift2`)
  - SwiftyJSON (from `https://github.com/SwiftyJSON/SwiftyJSON.git`)

EXTERNAL SOURCES:
  AIAlertView:
    :git: https://github.com/asiainfomobile/AIAlertView.git
  Spring:
    :branch: swift2
    :git: https://github.com/MengTo/Spring.git
  SwiftyJSON:
    :git: https://github.com/SwiftyJSON/SwiftyJSON.git

CHECKOUT OPTIONS:
  AIAlertView:
    :commit: 2de5b00cba21ea82c3c5af5fcde0a21fce5d82d3
    :git: https://github.com/asiainfomobile/AIAlertView.git
  Spring:
    :commit: 18d5c7b74489de8044e34767f856d1e574f0820e
    :git: https://github.com/MengTo/Spring.git
  SwiftyJSON:
    :commit: 929539eb6a3304eaa9153ca44041a78b85bf2ee5
    :git: https://github.com/SwiftyJSON/SwiftyJSON.git

SPEC CHECKSUMS:
  AIAlertView: 9d17a80a22042548ee7888d7e645c84ccbfb1d53
  Alamofire: fbc829692f351fa1d8a31dd75fd7f7f56fea31fb
  AsyncDisplayKit: 0932ff6f78364130a195039ab9a1c2ff63adc665
  Cartography: 70af183a248547694a8cfaa6b989cb7e04589985
  SnapKit: e1f090a6d47b1dd4bd89b73f72b6746a7835ef3c
  Spring: 3f02b5dc3308572ef177b3cad0fa7bbc4b0706f7
  SwiftyJSON: 04ccea08915aa0109039157c7974cf0298da292a

COCOAPODS: 0.39.0
