// !$*UTF8*$!
{
	archiveVersion = 1;
	classes = {
	};
	objectVersion = 46;
	objects = {

/* Begin PBXBuildFile section */
		7070D9F1516B8A4CB05EC1A1 /* Pods.framework in Frameworks */ = {isa = PBXBuildFile; fileRef = 503E6327D0C6936333F981D4 /* Pods.framework */; settings = {ATTRIBUTES = (Weak, ); }; };
		93A5A5A41B9BD647001DE36D /* LaunchScreen.storyboard in Resources */ = {isa = PBXBuildFile; fileRef = 93A5A5A01B9BD647001DE36D /* LaunchScreen.storyboard */; };
		93C33EE51B9BDF3D007BF506 /* AppDelegate.swift in Sources */ = {isa = PBXBuildFile; fileRef = 93C33EE41B9BDF3D007BF506 /* AppDelegate.swift */; };
		93C33EE71B9BDFC6007BF506 /* Storyboard.storyboard in Resources */ = {isa = PBXBuildFile; fileRef = 93C33EE61B9BDFC6007BF506 /* Storyboard.storyboard */; };
		93D5A3541B709C1C00DDB158 /* Assets.xcassets in Resources */ = {isa = PBXBuildFile; fileRef = 93D5A3531B709C1C00DDB158 /* Assets.xcassets */; };
/* End PBXBuildFile section */

/* Begin PBXFileReference section */
		2D91993BB2601FC318F507A9 /* Pods.release.xcconfig */ = {isa = PBXFileReference; includeInIndex = 1; lastKnownFileType = text.xcconfig; name = Pods.release.xcconfig; path = "Pods/Target Support Files/Pods/Pods.release.xcconfig"; sourceTree = "<group>"; };
		503E6327D0C6936333F981D4 /* Pods.framework */ = {isa = PBXFileReference; explicitFileType = wrapper.framework; includeInIndex = 0; path = Pods.framework; sourceTree = BUILT_PRODUCTS_DIR; };
		93A5A5A11B9BD647001DE36D /* Base */ = {isa = PBXFileReference; lastKnownFileType = file.storyboard; name = Base; path = Base.lproj/LaunchScreen.storyboard; sourceTree = "<group>"; };
		93C33EE31B9BDF3D007BF506 /* AIVeris-Bridging-Header.h */ = {isa = PBXFileReference; lastKnownFileType = sourcecode.c.h; path = "AIVeris-Bridging-Header.h"; sourceTree = "<group>"; };
		93C33EE41B9BDF3D007BF506 /* AppDelegate.swift */ = {isa = PBXFileReference; fileEncoding = 4; lastKnownFileType = sourcecode.swift; path = AppDelegate.swift; sourceTree = "<group>"; };
		93C33EE61B9BDFC6007BF506 /* Storyboard.storyboard */ = {isa = PBXFileReference; fileEncoding = 4; lastKnownFileType = file.storyboard; path = Storyboard.storyboard; sourceTree = "<group>"; };
		93D5A3491B709C1C00DDB158 /* Veris.app */ = {isa = PBXFileReference; explicitFileType = wrapper.application; includeInIndex = 0; path = Veris.app; sourceTree = BUILT_PRODUCTS_DIR; };
		93D5A3531B709C1C00DDB158 /* Assets.xcassets */ = {isa = PBXFileReference; lastKnownFileType = folder.assetcatalog; path = Assets.xcassets; sourceTree = "<group>"; };
		93D5A3581B709C1C00DDB158 /* Info.plist */ = {isa = PBXFileReference; lastKnownFileType = text.plist.xml; path = Info.plist; sourceTree = "<group>"; };
		93D5A3611B709C1D00DDB158 /* AISBOSSTests.swift */ = {isa = PBXFileReference; lastKnownFileType = sourcecode.swift; path = AISBOSSTests.swift; sourceTree = "<group>"; };
		93D5A3631B709C1D00DDB158 /* Info.plist */ = {isa = PBXFileReference; lastKnownFileType = text.plist.xml; path = Info.plist; sourceTree = "<group>"; };
		93D5A36C1B709C1D00DDB158 /* AISBOSSUITests.swift */ = {isa = PBXFileReference; lastKnownFileType = sourcecode.swift; path = AISBOSSUITests.swift; sourceTree = "<group>"; };
		93D5A36E1B709C1D00DDB158 /* Info.plist */ = {isa = PBXFileReference; lastKnownFileType = text.plist.xml; path = Info.plist; sourceTree = "<group>"; };
		F4D52EFD6684A104D352464D /* Pods.debug.xcconfig */ = {isa = PBXFileReference; includeInIndex = 1; lastKnownFileType = text.xcconfig; name = Pods.debug.xcconfig; path = "Pods/Target Support Files/Pods/Pods.debug.xcconfig"; sourceTree = "<group>"; };
/* End PBXFileReference section */

/* Begin PBXFrameworksBuildPhase section */
		93D5A3461B709C1C00DDB158 /* Frameworks */ = {
			isa = PBXFrameworksBuildPhase;
			buildActionMask = 2147483647;
			files = (
				7070D9F1516B8A4CB05EC1A1 /* Pods.framework in Frameworks */,
			);
			runOnlyForDeploymentPostprocessing = 0;
		};
/* End PBXFrameworksBuildPhase section */

/* Begin PBXGroup section */
		61647BAFC7200B01794A2E67 /* Frameworks */ = {
			isa = PBXGroup;
			children = (
				503E6327D0C6936333F981D4 /* Pods.framework */,
			);
			name = Frameworks;
			sourceTree = "<group>";
		};
		93A5A5951B9BD5E1001DE36D /* Application */ = {
			isa = PBXGroup;
			children = (
				93C33EE41B9BDF3D007BF506 /* AppDelegate.swift */,
				93C33EE31B9BDF3D007BF506 /* AIVeris-Bridging-Header.h */,
			);
			path = Application;
			sourceTree = "<group>";
		};
		93A5A5961B9BD5E1001DE36D /* Bridging */ = {
			isa = PBXGroup;
			children = (
			);
			path = Bridging;
			sourceTree = "<group>";
		};
		93A5A5971B9BD5E1001DE36D /* Libs */ = {
			isa = PBXGroup;
			children = (
			);
			path = Libs;
			sourceTree = "<group>";
		};
		93A5A5981B9BD5E1001DE36D /* Models */ = {
			isa = PBXGroup;
			children = (
			);
			path = Models;
			sourceTree = "<group>";
		};
		93A5A5991B9BD5E1001DE36D /* Services */ = {
			isa = PBXGroup;
			children = (
			);
			path = Services;
			sourceTree = "<group>";
		};
		93A5A59A1B9BD5E1001DE36D /* Soureces */ = {
			isa = PBXGroup;
			children = (
				93A5A59B1B9BD5E1001DE36D /* Videos */,
			);
			path = Soureces;
			sourceTree = "<group>";
		};
		93A5A59B1B9BD5E1001DE36D /* Videos */ = {
			isa = PBXGroup;
			children = (
			);
			path = Videos;
			sourceTree = "<group>";
		};
		93A5A59C1B9BD5E1001DE36D /* Storyboard */ = {
			isa = PBXGroup;
			children = (
				93A5A5A01B9BD647001DE36D /* LaunchScreen.storyboard */,
				93C33EE61B9BDFC6007BF506 /* Storyboard.storyboard */,
			);
			path = Storyboard;
			sourceTree = "<group>";
		};
		93A5A59D1B9BD5E1001DE36D /* Venders */ = {
			isa = PBXGroup;
			children = (
			);
			path = Venders;
			sourceTree = "<group>";
		};
		93A5A59E1B9BD5E1001DE36D /* ViewController */ = {
			isa = PBXGroup;
			children = (
			);
			path = ViewController;
			sourceTree = "<group>";
		};
		93A5A59F1B9BD5E1001DE36D /* Views */ = {
			isa = PBXGroup;
			children = (
			);
			path = Views;
			sourceTree = "<group>";
		};
		93D5A3401B709C1C00DDB158 = {
			isa = PBXGroup;
			children = (
				93D5A34B1B709C1C00DDB158 /* AISBOSS */,
				93D5A3601B709C1D00DDB158 /* AISBOSSTests */,
				93D5A36B1B709C1D00DDB158 /* AISBOSSUITests */,
				93D5A34A1B709C1C00DDB158 /* Products */,
				9EBD244A350E2B6E580DEF64 /* Pods */,
				61647BAFC7200B01794A2E67 /* Frameworks */,
			);
			sourceTree = "<group>";
		};
		93D5A34A1B709C1C00DDB158 /* Products */ = {
			isa = PBXGroup;
			children = (
				93D5A3491B709C1C00DDB158 /* Veris.app */,
			);
			name = Products;
			sourceTree = "<group>";
		};
		93D5A34B1B709C1C00DDB158 /* AISBOSS */ = {
			isa = PBXGroup;
			children = (
				93A5A5951B9BD5E1001DE36D /* Application */,
				93A5A5961B9BD5E1001DE36D /* Bridging */,
				93A5A5971B9BD5E1001DE36D /* Libs */,
				93A5A5981B9BD5E1001DE36D /* Models */,
				93A5A5991B9BD5E1001DE36D /* Services */,
				93A5A59A1B9BD5E1001DE36D /* Soureces */,
				93A5A59C1B9BD5E1001DE36D /* Storyboard */,
				93A5A59D1B9BD5E1001DE36D /* Venders */,
				93A5A59E1B9BD5E1001DE36D /* ViewController */,
				93A5A59F1B9BD5E1001DE36D /* Views */,
				93D5A3531B709C1C00DDB158 /* Assets.xcassets */,
				93D5A3581B709C1C00DDB158 /* Info.plist */,
			);
			path = AISBOSS;
			sourceTree = "<group>";
		};
		93D5A3601B709C1D00DDB158 /* AISBOSSTests */ = {
			isa = PBXGroup;
			children = (
				93D5A3611B709C1D00DDB158 /* AISBOSSTests.swift */,
				93D5A3631B709C1D00DDB158 /* Info.plist */,
			);
			path = AISBOSSTests;
			sourceTree = "<group>";
		};
		93D5A36B1B709C1D00DDB158 /* AISBOSSUITests */ = {
			isa = PBXGroup;
			children = (
				93D5A36C1B709C1D00DDB158 /* AISBOSSUITests.swift */,
				93D5A36E1B709C1D00DDB158 /* Info.plist */,
			);
			path = AISBOSSUITests;
			sourceTree = "<group>";
		};
		9EBD244A350E2B6E580DEF64 /* Pods */ = {
			isa = PBXGroup;
			children = (
				F4D52EFD6684A104D352464D /* Pods.debug.xcconfig */,
				2D91993BB2601FC318F507A9 /* Pods.release.xcconfig */,
			);
			name = Pods;
			sourceTree = "<group>";
		};
/* End PBXGroup section */

/* Begin PBXNativeTarget section */
		93D5A3481B709C1C00DDB158 /* AIVeris */ = {
			isa = PBXNativeTarget;
			buildConfigurationList = 93D5A3711B709C1D00DDB158 /* Build configuration list for PBXNativeTarget "AIVeris" */;
			buildPhases = (
				6DA50057C5F5AD017E487884 /* Check Pods Manifest.lock */,
				93D5A3451B709C1C00DDB158 /* Sources */,
				93D5A3461B709C1C00DDB158 /* Frameworks */,
				93D5A3471B709C1C00DDB158 /* Resources */,
				BE13F8A047272C818E183B81 /* Embed Pods Frameworks */,
				7FDD3FFF4C83F4293879C08B /* Copy Pods Resources */,
			);
			buildRules = (
			);
			dependencies = (
			);
			name = AIVeris;
			productName = AISBOSS;
			productReference = 93D5A3491B709C1C00DDB158 /* Veris.app */;
			productType = "com.apple.product-type.application";
		};
/* End PBXNativeTarget section */

/* Begin PBXProject section */
		93D5A3411B709C1C00DDB158 /* Project object */ = {
			isa = PBXProject;
			attributes = {
				KnownAssetTags = (
					New,
				);
				LastSwiftUpdateCheck = 0700;
				LastUpgradeCheck = 0700;
				ORGANIZATIONNAME = "___ASIAINFO___";
				TargetAttributes = {
					93D5A3481B709C1C00DDB158 = {
						CreatedOnToolsVersion = 7.0;
					};
				};
			};
			buildConfigurationList = 93D5A3441B709C1C00DDB158 /* Build configuration list for PBXProject "AIVeris" */;
			compatibilityVersion = "Xcode 3.2";
			developmentRegion = English;
			hasScannedForEncodings = 0;
			knownRegions = (
				en,
				Base,
			);
			mainGroup = 93D5A3401B709C1C00DDB158;
			productRefGroup = 93D5A34A1B709C1C00DDB158 /* Products */;
			projectDirPath = "";
			projectRoot = "";
			targets = (
				93D5A3481B709C1C00DDB158 /* AIVeris */,
			);
		};
/* End PBXProject section */

/* Begin PBXResourcesBuildPhase section */
		93D5A3471B709C1C00DDB158 /* Resources */ = {
			isa = PBXResourcesBuildPhase;
			buildActionMask = 2147483647;
			files = (
				93D5A3541B709C1C00DDB158 /* Assets.xcassets in Resources */,
				93A5A5A41B9BD647001DE36D /* LaunchScreen.storyboard in Resources */,
				93C33EE71B9BDFC6007BF506 /* Storyboard.storyboard in Resources */,
			);
			runOnlyForDeploymentPostprocessing = 0;
		};
/* End PBXResourcesBuildPhase section */

/* Begin PBXShellScriptBuildPhase section */
		6DA50057C5F5AD017E487884 /* Check Pods Manifest.lock */ = {
			isa = PBXShellScriptBuildPhase;
			buildActionMask = 2147483647;
			files = (
			);
			inputPaths = (
			);
			name = "Check Pods Manifest.lock";
			outputPaths = (
			);
			runOnlyForDeploymentPostprocessing = 0;
			shellPath = /bin/sh;
			shellScript = "diff \"${PODS_ROOT}/../Podfile.lock\" \"${PODS_ROOT}/Manifest.lock\" > /dev/null\nif [[ $? != 0 ]] ; then\n    cat << EOM\nerror: The sandbox is not in sync with the Podfile.lock. Run 'pod install' or update your CocoaPods installation.\nEOM\n    exit 1\nfi\n";
			showEnvVarsInLog = 0;
		};
		7FDD3FFF4C83F4293879C08B /* Copy Pods Resources */ = {
			isa = PBXShellScriptBuildPhase;
			buildActionMask = 2147483647;
			files = (
			);
			inputPaths = (
			);
			name = "Copy Pods Resources";
			outputPaths = (
			);
			runOnlyForDeploymentPostprocessing = 0;
			shellPath = /bin/sh;
			shellScript = "\"${SRCROOT}/Pods/Target Support Files/Pods/Pods-resources.sh\"\n";
			showEnvVarsInLog = 0;
		};
		BE13F8A047272C818E183B81 /* Embed Pods Frameworks */ = {
			isa = PBXShellScriptBuildPhase;
			buildActionMask = 2147483647;
			files = (
			);
			inputPaths = (
			);
			name = "Embed Pods Frameworks";
			outputPaths = (
			);
			runOnlyForDeploymentPostprocessing = 0;
			shellPath = /bin/sh;
			shellScript = "\"${SRCROOT}/Pods/Target Support Files/Pods/Pods-frameworks.sh\"\n";
			showEnvVarsInLog = 0;
		};
/* End PBXShellScriptBuildPhase section */

/* Begin PBXSourcesBuildPhase section */
		93D5A3451B709C1C00DDB158 /* Sources */ = {
			isa = PBXSourcesBuildPhase;
			buildActionMask = 2147483647;
			files = (
				93C33EE51B9BDF3D007BF506 /* AppDelegate.swift in Sources */,
			);
			runOnlyForDeploymentPostprocessing = 0;
		};
/* End PBXSourcesBuildPhase section */

/* Begin PBXVariantGroup section */
		93A5A5A01B9BD647001DE36D /* LaunchScreen.storyboard */ = {
			isa = PBXVariantGroup;
			children = (
				93A5A5A11B9BD647001DE36D /* Base */,
			);
			name = LaunchScreen.storyboard;
			sourceTree = "<group>";
		};
/* End PBXVariantGroup section */

/* Begin XCBuildConfiguration section */
		93D5A36F1B709C1D00DDB158 /* Debug */ = {
			isa = XCBuildConfiguration;
			buildSettings = {
				ALWAYS_SEARCH_USER_PATHS = NO;
				CLANG_CXX_LANGUAGE_STANDARD = "gnu++0x";
				CLANG_CXX_LIBRARY = "libc++";
				CLANG_ENABLE_MODULES = YES;
				CLANG_ENABLE_OBJC_ARC = YES;
				CLANG_WARN_BOOL_CONVERSION = YES;
				CLANG_WARN_CONSTANT_CONVERSION = YES;
				CLANG_WARN_DIRECT_OBJC_ISA_USAGE = YES_ERROR;
				CLANG_WARN_EMPTY_BODY = YES;
				CLANG_WARN_ENUM_CONVERSION = YES;
				CLANG_WARN_INT_CONVERSION = YES;
				CLANG_WARN_OBJC_ROOT_CLASS = YES_ERROR;
				CLANG_WARN_UNREACHABLE_CODE = YES;
				CLANG_WARN__DUPLICATE_METHOD_MATCH = YES;
				"CODE_SIGN_IDENTITY[sdk=iphoneos*]" = "iPhone Developer";
				COPY_PHASE_STRIP = NO;
				DEBUG_INFORMATION_FORMAT = dwarf;
				ENABLE_STRICT_OBJC_MSGSEND = YES;
				ENABLE_TESTABILITY = YES;
				GCC_C_LANGUAGE_STANDARD = gnu99;
				GCC_DYNAMIC_NO_PIC = NO;
				GCC_NO_COMMON_BLOCKS = YES;
				GCC_OPTIMIZATION_LEVEL = 0;
				GCC_PREPROCESSOR_DEFINITIONS = (
					"DEBUG=1",
					"$(inherited)",
				);
				GCC_WARN_64_TO_32_BIT_CONVERSION = YES;
				GCC_WARN_ABOUT_RETURN_TYPE = YES_ERROR;
				GCC_WARN_UNDECLARED_SELECTOR = YES;
				GCC_WARN_UNINITIALIZED_AUTOS = YES_AGGRESSIVE;
				GCC_WARN_UNUSED_FUNCTION = YES;
				GCC_WARN_UNUSED_VARIABLE = YES;
				IPHONEOS_DEPLOYMENT_TARGET = 9.0;
				MTL_ENABLE_DEBUG_INFO = YES;
				ONLY_ACTIVE_ARCH = YES;
				SDKROOT = iphoneos;
				SWIFT_OPTIMIZATION_LEVEL = "-Onone";
			};
			name = Debug;
		};
		93D5A3701B709C1D00DDB158 /* Release */ = {
			isa = XCBuildConfiguration;
			buildSettings = {
				ALWAYS_SEARCH_USER_PATHS = NO;
				CLANG_CXX_LANGUAGE_STANDARD = "gnu++0x";
				CLANG_CXX_LIBRARY = "libc++";
				CLANG_ENABLE_MODULES = YES;
				CLANG_ENABLE_OBJC_ARC = YES;
				CLANG_WARN_BOOL_CONVERSION = YES;
				CLANG_WARN_CONSTANT_CONVERSION = YES;
				CLANG_WARN_DIRECT_OBJC_ISA_USAGE = YES_ERROR;
				CLANG_WARN_EMPTY_BODY = YES;
				CLANG_WARN_ENUM_CONVERSION = YES;
				CLANG_WARN_INT_CONVERSION = YES;
				CLANG_WARN_OBJC_ROOT_CLASS = YES_ERROR;
				CLANG_WARN_UNREACHABLE_CODE = YES;
				CLANG_WARN__DUPLICATE_METHOD_MATCH = YES;
				"CODE_SIGN_IDENTITY[sdk=iphoneos*]" = "iPhone Developer";
				COPY_PHASE_STRIP = NO;
				DEBUG_INFORMATION_FORMAT = "dwarf-with-dsym";
				ENABLE_NS_ASSERTIONS = NO;
				ENABLE_STRICT_OBJC_MSGSEND = YES;
				GCC_C_LANGUAGE_STANDARD = gnu99;
				GCC_NO_COMMON_BLOCKS = YES;
				GCC_WARN_64_TO_32_BIT_CONVERSION = YES;
				GCC_WARN_ABOUT_RETURN_TYPE = YES_ERROR;
				GCC_WARN_UNDECLARED_SELECTOR = YES;
				GCC_WARN_UNINITIALIZED_AUTOS = YES_AGGRESSIVE;
				GCC_WARN_UNUSED_FUNCTION = YES;
				GCC_WARN_UNUSED_VARIABLE = YES;
				IPHONEOS_DEPLOYMENT_TARGET = 9.0;
				MTL_ENABLE_DEBUG_INFO = NO;
				SDKROOT = iphoneos;
				VALIDATE_PRODUCT = YES;
			};
			name = Release;
		};
		93D5A3721B709C1D00DDB158 /* Debug */ = {
			isa = XCBuildConfiguration;
			baseConfigurationReference = F4D52EFD6684A104D352464D /* Pods.debug.xcconfig */;
			buildSettings = {
				ASSETCATALOG_COMPILER_APPICON_NAME = AppIcon;
				CLANG_ENABLE_MODULES = YES;
				CODE_SIGN_IDENTITY = "iPhone Developer";
				"CODE_SIGN_IDENTITY[sdk=iphoneos*]" = "iPhone Developer";
				ENABLE_BITCODE = NO;
				INFOPLIST_FILE = AISBOSS/Info.plist;
				IPHONEOS_DEPLOYMENT_TARGET = 8.0;
				LD_RUNPATH_SEARCH_PATHS = "$(inherited) @executable_path/Frameworks";
				PRODUCT_BUNDLE_IDENTIFIER = AI.AISBOSS;
				PRODUCT_NAME = Veris;
				PROVISIONING_PROFILE = "";
				SWIFT_OBJC_BRIDGING_HEADER = "AISBOSS/Application/AIVeris-Bridging-Header.h";
				SWIFT_OPTIMIZATION_LEVEL = "-Onone";
			};
			name = Debug;
		};
		93D5A3731B709C1D00DDB158 /* Release */ = {
			isa = XCBuildConfiguration;
			baseConfigurationReference = 2D91993BB2601FC318F507A9 /* Pods.release.xcconfig */;
			buildSettings = {
				ASSETCATALOG_COMPILER_APPICON_NAME = AppIcon;
				CLANG_ENABLE_MODULES = YES;
				CODE_SIGN_IDENTITY = "iPhone Developer";
				"CODE_SIGN_IDENTITY[sdk=iphoneos*]" = "iPhone Developer";
				ENABLE_BITCODE = NO;
				INFOPLIST_FILE = AISBOSS/Info.plist;
				IPHONEOS_DEPLOYMENT_TARGET = 8.0;
				LD_RUNPATH_SEARCH_PATHS = "$(inherited) @executable_path/Frameworks";
				PRODUCT_BUNDLE_IDENTIFIER = AI.AISBOSS;
				PRODUCT_NAME = Veris;
				PROVISIONING_PROFILE = "";
				SWIFT_OBJC_BRIDGING_HEADER = "AISBOSS/Application/AIVeris-Bridging-Header.h";
			};
			name = Release;
		};
/* End XCBuildConfiguration section */

/* Begin XCConfigurationList section */
		93D5A3441B709C1C00DDB158 /* Build configuration list for PBXProject "AIVeris" */ = {
			isa = XCConfigurationList;
			buildConfigurations = (
				93D5A36F1B709C1D00DDB158 /* Debug */,
				93D5A3701B709C1D00DDB158 /* Release */,
			);
			defaultConfigurationIsVisible = 0;
			defaultConfigurationName = Release;
		};
		93D5A3711B709C1D00DDB158 /* Build configuration list for PBXNativeTarget "AIVeris" */ = {
			isa = XCConfigurationList;
			buildConfigurations = (
				93D5A3721B709C1D00DDB158 /* Debug */,
				93D5A3731B709C1D00DDB158 /* Release */,
			);
			defaultConfigurationIsVisible = 0;
			defaultConfigurationName = Release;
		};
/* End XCConfigurationList section */
	};
	rootObject = 93D5A3411B709C1C00DDB158 /* Project object */;
}
